
Microsoft Visual Studio Solution File, Format Version 12.00
# Visual Studio Version 16
VisualStudioVersion = 16.0.30907.101
MinimumVisualStudioVersion = 10.0.40219.1
Project("{FAE04EC0-301F-11D3-BF4B-00C04F79EFBC}") = "createMLCPicture", "createMLCPicture.csproj", "{99DF5FDC-C31E-4513-98CF-7D57C38C6C94}"
EndProject
Global
	GlobalSection(SolutionConfigurationPlatforms) = preSolution
		Debug|x64 = Debug|x64
		Release|x64 = Release|x64
	EndGlobalSection
	GlobalSection(ProjectConfigurationPlatforms) = postSolution
		{99DF5FDC-C31E-4513-98CF-7D57C38C6C94}.Debug|x64.ActiveCfg = Debug|x64
		{99DF5FDC-C31E-4513-98CF-7D57C38C6C94}.Debug|x64.Build.0 = Debug|x64
		{99DF5FDC-C31E-4513-98CF-7D57C38C6C94}.Release|x64.ActiveCfg = Release|x64
		{99DF5FDC-C31E-4513-98CF-7D57C38C6C94}.Release|x64.Build.0 = Release|x64
	EndGlobalSection
	GlobalSection(SolutionProperties) = preSolution
		HideSolutionNode = FALSE
	EndGlobalSection
	GlobalSection(ExtensibilityGlobals) = postSolution
		SolutionGuid = {04BB5A2A-4512-4C0C-9C5E-5877274574EF}
	EndGlobalSection
EndGlobal
